{
  "version": "5",
  "specifiers": {
    "jsr:@std/assert@*": "1.0.13",
    "jsr:@std/collections@^1.1.1": "1.1.2",
    "jsr:@std/dotenv@*": "0.225.5",
    "jsr:@std/internal@^1.0.6": "1.0.9",
    "jsr:@std/toml@*": "1.0.8"
  },
  "jsr": {
    "@std/assert@1.0.13": {
      "integrity": "ae0d31e41919b12c656c742b22522c32fb26ed0cba32975cb0de2a273cb68b29",
      "dependencies": [
        "jsr:@std/internal"
      ]
    },
    "@std/collections@1.1.2": {
      "integrity": "f1685dd45c3ec27c39d0e8a642ccf810f391ec8a6cb5e7355926e6dacc64c43e"
    },
    "@std/dotenv@0.225.5": {
      "integrity": "9ce6f9d0ec3311f74a32535aa1b8c62ed88b1ab91b7f0815797d77a6f60c922f"
    },
    "@std/internal@1.0.9": {
      "integrity": "bdfb97f83e4db7a13e8faab26fb1958d1b80cc64366501af78a0aee151696eb8"
    },
    "@std/toml@1.0.8": {
      "integrity": "eb8ae76b4cc1c6c13f2a91123675823adbec2380de75cd3748c628960d952164",
      "dependencies": [
        "jsr:@std/collections"
      ]
    }
  }
}
