{
  "version": "5",
  "specifiers": {
    "jsr:@iuioiua/redis@1.1.9": "1.1.9",
    "jsr:@joyful/kv-mini-redis@*": "0.0.2",
    "jsr:@joyful/kv@*": "0.0.11",
    "jsr:@joyful/kv@^0.0.11": "0.0.11",
    "jsr:@logtape/logtape@*": "1.0.4",
    "jsr:@logtape/logtape@^1.0.4": "1.0.4",
    "jsr:@logtape/pretty@*": "1.0.4",
    "jsr:@logtape/redaction@*": "1.0.4",
    "jsr:@std/assert@*": "1.0.13",
    "jsr:@std/collections@^1.1.1": "1.1.2",
    "jsr:@std/dotenv@*": "0.225.5",
    "jsr:@std/internal@^1.0.6": "1.0.9",
    "jsr:@std/regexp@*": "1.0.1",
    "jsr:@std/toml@*": "1.0.8",
    "npm:@types/node@24.0.7": "24.0.7"
  },
  "jsr": {
    "@iuioiua/redis@1.1.9": {
      "integrity": "167d9031d0b8cf050d63756cf6b2d59872d9095784b2dff2b8a40adcf744c1e4"
    },
    "@joyful/kv@0.0.11": {
      "integrity": "fc920c28788f23e80a1ef73df189481efac512d5e1f9dccc77b084e480ccdd28"
    },
    "@joyful/kv-mini-redis@0.0.2": {
      "integrity": "75f2487e82452ba2323c181b031093edaf27e37a33f14c43c33db75d536054a1",
      "dependencies": [
        "jsr:@iuioiua/redis",
        "jsr:@joyful/kv@^0.0.11"
      ]
    },
    "@logtape/logtape@1.0.4": {
      "integrity": "6ada87764d995b1033c352a17fd9e20b217f3672083bc2d8debe356eac03fe10"
    },
    "@logtape/pretty@1.0.4": {
      "integrity": "2c131a2135414df79d896ef6943f3643b335fb68e1857985fca89699d7580479",
      "dependencies": [
        "jsr:@logtape/logtape@^1.0.4",
        "npm:@types/node"
      ]
    },
    "@logtape/redaction@1.0.4": {
      "integrity": "361379adc7915549284494d40305ee6b005ca1b2925932513134bb17f095599b",
      "dependencies": [
        "jsr:@logtape/logtape@^1.0.4"
      ]
    },
    "@std/assert@1.0.13": {
      "integrity": "ae0d31e41919b12c656c742b22522c32fb26ed0cba32975cb0de2a273cb68b29",
      "dependencies": [
        "jsr:@std/internal"
      ]
    },
    "@std/collections@1.1.2": {
      "integrity": "f1685dd45c3ec27c39d0e8a642ccf810f391ec8a6cb5e7355926e6dacc64c43e"
    },
    "@std/dotenv@0.225.5": {
      "integrity": "9ce6f9d0ec3311f74a32535aa1b8c62ed88b1ab91b7f0815797d77a6f60c922f"
    },
    "@std/internal@1.0.9": {
      "integrity": "bdfb97f83e4db7a13e8faab26fb1958d1b80cc64366501af78a0aee151696eb8"
    },
    "@std/regexp@1.0.1": {
      "integrity": "5179d823465085c5480dafb44438466e83c424fadc61ba31f744050ecc0f596d"
    },
    "@std/toml@1.0.8": {
      "integrity": "eb8ae76b4cc1c6c13f2a91123675823adbec2380de75cd3748c628960d952164",
      "dependencies": [
        "jsr:@std/collections"
      ]
    }
  },
  "npm": {
    "@types/node@24.0.7": {
      "integrity": "sha512-YIEUUr4yf8q8oQoXPpSlnvKNVKDQlPMWrmOcgzoduo7kvA2UF0/BwJ/eMKFTiTtkNL17I0M6Xe2tvwFU7be6iw==",
      "dependencies": [
        "undici-types"
      ]
    },
    "undici-types@7.8.0": {
      "integrity": "sha512-9UJ2xGDvQ43tYyVMpuHlsgApydB8ZKfVYTsLDhXkFL/6gfkp+U8xTGdh8pMJv1SpZna0zxG1DwsKZsreLbXBxw=="
    }
  }
}
