{
  "version": "5",
  "specifiers": {
    "jsr:@iuioiua/redis@1.1.9": "1.1.9",
    "jsr:@joyful/kv-mini-redis@*": "0.0.2",
    "jsr:@joyful/kv@*": "0.0.11",
    "jsr:@joyful/kv@^0.0.11": "0.0.11",
    "jsr:@logtape/logtape@*": "1.0.4",
    "jsr:@logtape/logtape@^1.0.4": "1.0.4",
    "jsr:@logtape/redaction@*": "1.0.4",
    "jsr:@std/assert@*": "1.0.13",
    "jsr:@std/cli@*": "1.0.21",
    "jsr:@std/internal@^1.0.6": "1.0.10",
    "jsr:@std/internal@^1.0.9": "1.0.10",
    "jsr:@std/path@*": "1.1.1",
    "jsr:@std/yaml@*": "1.0.9",
    "jsr:@zod/zod@*": "4.1.5",
    "npm:@types/node@*": "24.2.0"
  },
  "jsr": {
    "@iuioiua/redis@1.1.9": {
      "integrity": "167d9031d0b8cf050d63756cf6b2d59872d9095784b2dff2b8a40adcf744c1e4"
    },
    "@joyful/kv@0.0.11": {
      "integrity": "fc920c28788f23e80a1ef73df189481efac512d5e1f9dccc77b084e480ccdd28"
    },
    "@joyful/kv-mini-redis@0.0.2": {
      "integrity": "75f2487e82452ba2323c181b031093edaf27e37a33f14c43c33db75d536054a1",
      "dependencies": [
        "jsr:@iuioiua/redis",
        "jsr:@joyful/kv@^0.0.11"
      ]
    },
    "@logtape/logtape@1.0.4": {
      "integrity": "6ada87764d995b1033c352a17fd9e20b217f3672083bc2d8debe356eac03fe10"
    },
    "@logtape/redaction@1.0.4": {
      "integrity": "361379adc7915549284494d40305ee6b005ca1b2925932513134bb17f095599b",
      "dependencies": [
        "jsr:@logtape/logtape@^1.0.4"
      ]
    },
    "@std/assert@1.0.13": {
      "integrity": "ae0d31e41919b12c656c742b22522c32fb26ed0cba32975cb0de2a273cb68b29",
      "dependencies": [
        "jsr:@std/internal@^1.0.6"
      ]
    },
    "@std/cli@1.0.21": {
      "integrity": "cd25b050bdf6282e321854e3822bee624f07aca7636a3a76d95f77a3a919ca2a"
    },
    "@std/internal@1.0.10": {
      "integrity": "e3be62ce42cab0e177c27698e5d9800122f67b766a0bea6ca4867886cbde8cf7"
    },
    "@std/path@1.1.1": {
      "integrity": "fe00026bd3a7e6a27f73709b83c607798be40e20c81dde655ce34052fd82ec76",
      "dependencies": [
        "jsr:@std/internal@^1.0.9"
      ]
    },
    "@std/yaml@1.0.9": {
      "integrity": "6bad3dc766dd85b4b37eabcba81b6aa4eac7a392792ae29abcfb0f90602d55bb"
    },
    "@zod/zod@4.1.5": {
      "integrity": "e995ca7d588a835ce333de626c940e242c55b6763c5190e8cbb9fefb7d0fb4ef"
    }
  },
  "npm": {
    "@types/node@24.2.0": {
      "integrity": "sha512-3xyG3pMCq3oYCNg7/ZP+E1ooTaGB4cG8JWRsqqOYQdbWNY4zbaV0Ennrd7stjiJEFZCaybcIgpTjJWHRfBSIDw==",
      "dependencies": [
        "undici-types"
      ]
    },
    "undici-types@7.10.0": {
      "integrity": "sha512-t5Fy/nfn+14LuOc2KNYg75vZqClpAiqscVvMygNnlsHBFpSXdJaYtXMcdNLpl/Qvc3P2cB3s6lOV51nqsFq4ag=="
    }
  }
}
